
Microsoft Visual Studio Solution File, Format Version 12.00
# Visual Studio 14
VisualStudioVersion = 14.0.24720.0
MinimumVisualStudioVersion = 10.0.40219.1
Project("{FAE04EC0-301F-11D3-BF4B-00C04F79EFBC}") = "HelloWorld", "HelloWorld\HelloWorld.csproj", "{59D297C4-95EF-4BFF-AF34-8F452C80D2F1}"
EndProject
Project("{FAE04EC0-301F-11D3-BF4B-00C04F79EFBC}") = "Model", "Model\Model.csproj", "{FAE508DF-E73C-4852-877C-53AD15CD034B}"
EndProject
Project("{FAE04EC0-301F-11D3-BF4B-00C04F79EFBC}") = "Inheritance", "Inheritance\Inheritance.csproj", "{25023D23-EF7F-464D-B730-18D464516194}"
EndProject
Project("{FAE04EC0-301F-11D3-BF4B-00C04F79EFBC}") = "CollectionNStuff", "CollectionNStuff\CollectionNStuff.csproj", "{7651AAB6-F51E-4A02-8987-D55B9D465A5A}"
EndProject
Project("{FAE04EC0-301F-11D3-BF4B-00C04F79EFBC}") = "DelegatesNStuff", "DelegatesNStuff\DelegatesNStuff.csproj", "{9610EEF0-C6A7-424D-B683-567B5BD986C1}"
EndProject
Project("{FAE04EC0-301F-11D3-BF4B-00C04F79EFBC}") = "TrieWebApplication", "TrieWebApplication\TrieWebApplication.csproj", "{C6831DD6-EA4F-4F6F-AC3C-FE2F24ADA823}"
EndProject
Project("{FAE04EC0-301F-11D3-BF4B-00C04F79EFBC}") = "Utilities", "Utilities\Utilities.csproj", "{52FD51BD-49CB-41E7-8376-DFB1743DD08D}"
EndProject
Project("{FAE04EC0-301F-11D3-BF4B-00C04F79EFBC}") = "WpfAssignment", "WpfAssignment\WpfAssignment.csproj", "{E8F69ACA-49D6-421D-BCFD-3FB462E52750}"
EndProject
Project("{FAE04EC0-301F-11D3-BF4B-00C04F79EFBC}") = "ADO.NET", "ADO.NET\ADO.NET.csproj", "{003DA8A0-F97E-4F71-B57E-49068081AAAD}"
EndProject
Project("{FAE04EC0-301F-11D3-BF4B-00C04F79EFBC}") = "DataSetNStuff", "DataSetNStuff\DataSetNStuff.csproj", "{DE4C54B7-5ED6-4E58-BD7B-C9EE0A6D0AA6}"
EndProject
Global
	GlobalSection(SolutionConfigurationPlatforms) = preSolution
		Debug|Any CPU = Debug|Any CPU
		Release|Any CPU = Release|Any CPU
	EndGlobalSection
	GlobalSection(ProjectConfigurationPlatforms) = postSolution
		{59D297C4-95EF-4BFF-AF34-8F452C80D2F1}.Debug|Any CPU.ActiveCfg = Debug|Any CPU
		{59D297C4-95EF-4BFF-AF34-8F452C80D2F1}.Debug|Any CPU.Build.0 = Debug|Any CPU
		{59D297C4-95EF-4BFF-AF34-8F452C80D2F1}.Release|Any CPU.ActiveCfg = Release|Any CPU
		{59D297C4-95EF-4BFF-AF34-8F452C80D2F1}.Release|Any CPU.Build.0 = Release|Any CPU
		{FAE508DF-E73C-4852-877C-53AD15CD034B}.Debug|Any CPU.ActiveCfg = Debug|Any CPU
		{FAE508DF-E73C-4852-877C-53AD15CD034B}.Debug|Any CPU.Build.0 = Debug|Any CPU
		{FAE508DF-E73C-4852-877C-53AD15CD034B}.Release|Any CPU.ActiveCfg = Release|Any CPU
		{FAE508DF-E73C-4852-877C-53AD15CD034B}.Release|Any CPU.Build.0 = Release|Any CPU
		{25023D23-EF7F-464D-B730-18D464516194}.Debug|Any CPU.ActiveCfg = Debug|Any CPU
		{25023D23-EF7F-464D-B730-18D464516194}.Debug|Any CPU.Build.0 = Debug|Any CPU
		{25023D23-EF7F-464D-B730-18D464516194}.Release|Any CPU.ActiveCfg = Release|Any CPU
		{25023D23-EF7F-464D-B730-18D464516194}.Release|Any CPU.Build.0 = Release|Any CPU
		{7651AAB6-F51E-4A02-8987-D55B9D465A5A}.Debug|Any CPU.ActiveCfg = Debug|Any CPU
		{7651AAB6-F51E-4A02-8987-D55B9D465A5A}.Debug|Any CPU.Build.0 = Debug|Any CPU
		{7651AAB6-F51E-4A02-8987-D55B9D465A5A}.Release|Any CPU.ActiveCfg = Release|Any CPU
		{7651AAB6-F51E-4A02-8987-D55B9D465A5A}.Release|Any CPU.Build.0 = Release|Any CPU
		{9610EEF0-C6A7-424D-B683-567B5BD986C1}.Debug|Any CPU.ActiveCfg = Debug|Any CPU
		{9610EEF0-C6A7-424D-B683-567B5BD986C1}.Debug|Any CPU.Build.0 = Debug|Any CPU
		{9610EEF0-C6A7-424D-B683-567B5BD986C1}.Release|Any CPU.ActiveCfg = Release|Any CPU
		{9610EEF0-C6A7-424D-B683-567B5BD986C1}.Release|Any CPU.Build.0 = Release|Any CPU
		{C6831DD6-EA4F-4F6F-AC3C-FE2F24ADA823}.Debug|Any CPU.ActiveCfg = Debug|Any CPU
		{C6831DD6-EA4F-4F6F-AC3C-FE2F24ADA823}.Debug|Any CPU.Build.0 = Debug|Any CPU
		{C6831DD6-EA4F-4F6F-AC3C-FE2F24ADA823}.Release|Any CPU.ActiveCfg = Release|Any CPU
		{C6831DD6-EA4F-4F6F-AC3C-FE2F24ADA823}.Release|Any CPU.Build.0 = Release|Any CPU
		{52FD51BD-49CB-41E7-8376-DFB1743DD08D}.Debug|Any CPU.ActiveCfg = Debug|Any CPU
		{52FD51BD-49CB-41E7-8376-DFB1743DD08D}.Debug|Any CPU.Build.0 = Debug|Any CPU
		{52FD51BD-49CB-41E7-8376-DFB1743DD08D}.Release|Any CPU.ActiveCfg = Release|Any CPU
		{52FD51BD-49CB-41E7-8376-DFB1743DD08D}.Release|Any CPU.Build.0 = Release|Any CPU
		{E8F69ACA-49D6-421D-BCFD-3FB462E52750}.Debug|Any CPU.ActiveCfg = Debug|Any CPU
		{E8F69ACA-49D6-421D-BCFD-3FB462E52750}.Debug|Any CPU.Build.0 = Debug|Any CPU
		{E8F69ACA-49D6-421D-BCFD-3FB462E52750}.Release|Any CPU.ActiveCfg = Release|Any CPU
		{E8F69ACA-49D6-421D-BCFD-3FB462E52750}.Release|Any CPU.Build.0 = Release|Any CPU
		{003DA8A0-F97E-4F71-B57E-49068081AAAD}.Debug|Any CPU.ActiveCfg = Debug|Any CPU
		{003DA8A0-F97E-4F71-B57E-49068081AAAD}.Debug|Any CPU.Build.0 = Debug|Any CPU
		{003DA8A0-F97E-4F71-B57E-49068081AAAD}.Release|Any CPU.ActiveCfg = Release|Any CPU
		{003DA8A0-F97E-4F71-B57E-49068081AAAD}.Release|Any CPU.Build.0 = Release|Any CPU
		{DE4C54B7-5ED6-4E58-BD7B-C9EE0A6D0AA6}.Debug|Any CPU.ActiveCfg = Debug|Any CPU
		{DE4C54B7-5ED6-4E58-BD7B-C9EE0A6D0AA6}.Debug|Any CPU.Build.0 = Debug|Any CPU
		{DE4C54B7-5ED6-4E58-BD7B-C9EE0A6D0AA6}.Release|Any CPU.ActiveCfg = Release|Any CPU
		{DE4C54B7-5ED6-4E58-BD7B-C9EE0A6D0AA6}.Release|Any CPU.Build.0 = Release|Any CPU
	EndGlobalSection
	GlobalSection(SolutionProperties) = preSolution
		HideSolutionNode = FALSE
	EndGlobalSection
EndGlobal
